
Microsoft Visual Studio Solution File, Format Version 12.00
# Visual Studio Version 17
VisualStudioVersion = 17.4.33213.308
MinimumVisualStudioVersion = 10.0.40219.1
Project("{9A19103F-16F7-4668-BE54-9A1E7A4F7556}") = "Section6", "Section6\Section6.csproj", "{3E5B3767-3FB4-4DAA-8C11-62DDAD95D566}"
EndProject
Project("{9A19103F-16F7-4668-BE54-9A1E7A4F7556}") = "Matrizes", "Matrizes\Matrizes.csproj", "{178218A9-AC04-474C-B5B4-14A9B0C4F50A}"
EndProject
Project("{FAE04EC0-301F-11D3-BF4B-00C04F79EFBC}") = "Section9Enum", "Section9Enum\Section9Enum.csproj", "{832A09B7-C644-4996-A7FA-4BA55B66AC50}"
EndProject
Global
	GlobalSection(SolutionConfigurationPlatforms) = preSolution
		Debug|Any CPU = Debug|Any CPU
		Release|Any CPU = Release|Any CPU
	EndGlobalSection
	GlobalSection(ProjectConfigurationPlatforms) = postSolution
		{3E5B3767-3FB4-4DAA-8C11-62DDAD95D566}.Debug|Any CPU.ActiveCfg = Debug|Any CPU
		{3E5B3767-3FB4-4DAA-8C11-62DDAD95D566}.Debug|Any CPU.Build.0 = Debug|Any CPU
		{3E5B3767-3FB4-4DAA-8C11-62DDAD95D566}.Release|Any CPU.ActiveCfg = Release|Any CPU
		{3E5B3767-3FB4-4DAA-8C11-62DDAD95D566}.Release|Any CPU.Build.0 = Release|Any CPU
		{178218A9-AC04-474C-B5B4-14A9B0C4F50A}.Debug|Any CPU.ActiveCfg = Debug|Any CPU
		{178218A9-AC04-474C-B5B4-14A9B0C4F50A}.Debug|Any CPU.Build.0 = Debug|Any CPU
		{178218A9-AC04-474C-B5B4-14A9B0C4F50A}.Release|Any CPU.ActiveCfg = Release|Any CPU
		{178218A9-AC04-474C-B5B4-14A9B0C4F50A}.Release|Any CPU.Build.0 = Release|Any CPU
		{832A09B7-C644-4996-A7FA-4BA55B66AC50}.Debug|Any CPU.ActiveCfg = Debug|Any CPU
		{832A09B7-C644-4996-A7FA-4BA55B66AC50}.Debug|Any CPU.Build.0 = Debug|Any CPU
		{832A09B7-C644-4996-A7FA-4BA55B66AC50}.Release|Any CPU.ActiveCfg = Release|Any CPU
		{832A09B7-C644-4996-A7FA-4BA55B66AC50}.Release|Any CPU.Build.0 = Release|Any CPU
	EndGlobalSection
	GlobalSection(SolutionProperties) = preSolution
		HideSolutionNode = FALSE
	EndGlobalSection
	GlobalSection(ExtensibilityGlobals) = postSolution
		SolutionGuid = {1D6E995C-EC9A-4D6C-8427-53FC1B34A6BA}
	EndGlobalSection
EndGlobal
